
Microsoft Visual Studio Solution File, Format Version 12.00
# Visual Studio Version 17
VisualStudioVersion = 17.8.34309.116
MinimumVisualStudioVersion = 10.0.40219.1
Project("{9A19103F-16F7-4668-BE54-9A1E7A4F7556}") = "BlazorBasicApp", "BlazorBasicApp\BlazorBasicApp\BlazorBasicApp.csproj", "{44C12183-4F8D-4198-9954-761AE8D72627}"
EndProject
Project("{9A19103F-16F7-4668-BE54-9A1E7A4F7556}") = "BlazorBasicApp.Client", "BlazorBasicApp\BlazorBasicApp.Client\BlazorBasicApp.Client.csproj", "{3197E31D-29A5-4E06-B21A-81CAE6E4C424}"
EndProject
Global
	GlobalSection(SolutionConfigurationPlatforms) = preSolution
		Debug|Any CPU = Debug|Any CPU
		Release|Any CPU = Release|Any CPU
	EndGlobalSection
	GlobalSection(ProjectConfigurationPlatforms) = postSolution
		{44C12183-4F8D-4198-9954-761AE8D72627}.Debug|Any CPU.ActiveCfg = Debug|Any CPU
		{44C12183-4F8D-4198-9954-761AE8D72627}.Debug|Any CPU.Build.0 = Debug|Any CPU
		{44C12183-4F8D-4198-9954-761AE8D72627}.Release|Any CPU.ActiveCfg = Release|Any CPU
		{44C12183-4F8D-4198-9954-761AE8D72627}.Release|Any CPU.Build.0 = Release|Any CPU
		{3197E31D-29A5-4E06-B21A-81CAE6E4C424}.Debug|Any CPU.ActiveCfg = Debug|Any CPU
		{3197E31D-29A5-4E06-B21A-81CAE6E4C424}.Debug|Any CPU.Build.0 = Debug|Any CPU
		{3197E31D-29A5-4E06-B21A-81CAE6E4C424}.Release|Any CPU.ActiveCfg = Release|Any CPU
		{3197E31D-29A5-4E06-B21A-81CAE6E4C424}.Release|Any CPU.Build.0 = Release|Any CPU
	EndGlobalSection
	GlobalSection(SolutionProperties) = preSolution
		HideSolutionNode = FALSE
	EndGlobalSection
	GlobalSection(ExtensibilityGlobals) = postSolution
		SolutionGuid = {6A46C6E4-91DC-4C7D-B84F-5BF31AEE3D83}
	EndGlobalSection
EndGlobal
